
Microsoft Visual Studio Solution File, Format Version 12.00
# Visual Studio Version 16
VisualStudioVersion = 16.0.29728.190
MinimumVisualStudioVersion = 10.0.40219.1
Project("{FAE04EC0-301F-11D3-BF4B-00C04F79EFBC}") = "Cardmarket_Bot", "Cardmarket_Bot\Cardmarket_Bot.csproj", "{F925DE7A-5E10-4A20-80F1-C5898824B825}"
EndProject
Global
	GlobalSection(SolutionConfigurationPlatforms) = preSolution
		Debug|Any CPU = Debug|Any CPU
		Release|Any CPU = Release|Any CPU
	EndGlobalSection
	GlobalSection(ProjectConfigurationPlatforms) = postSolution
		{F925DE7A-5E10-4A20-80F1-C5898824B825}.Debug|Any CPU.ActiveCfg = Debug|Any CPU
		{F925DE7A-5E10-4A20-80F1-C5898824B825}.Debug|Any CPU.Build.0 = Debug|Any CPU
		{F925DE7A-5E10-4A20-80F1-C5898824B825}.Release|Any CPU.ActiveCfg = Release|Any CPU
		{F925DE7A-5E10-4A20-80F1-C5898824B825}.Release|Any CPU.Build.0 = Release|Any CPU
	EndGlobalSection
	GlobalSection(SolutionProperties) = preSolution
		HideSolutionNode = FALSE
	EndGlobalSection
	GlobalSection(ExtensibilityGlobals) = postSolution
		SolutionGuid = {BD613254-42DE-4FF2-9953-770CA0A74C9A}
	EndGlobalSection
EndGlobal
